
Microsoft Visual Studio Solution File, Format Version 12.00
# Visual Studio Version 17
VisualStudioVersion = 17.1.32319.34
MinimumVisualStudioVersion = 10.0.40219.1
Project("{FAE04EC0-301F-11D3-BF4B-00C04F79EFBC}") = "NetflixSelenium.TelegramBot", "NetflixSelenium.TelegramBot\NetflixSelenium.TelegramBot.csproj", "{193D9BEC-97B2-4CE0-A339-A4939CC8195A}"
EndProject
Project("{FAE04EC0-301F-11D3-BF4B-00C04F79EFBC}") = "NetflixSelenium.Selenium", "NetflixSelenium.Selenium\NetflixSelenium.Selenium.csproj", "{B1F973D6-D18B-46E8-8220-34283C2561F1}"
EndProject
Global
	GlobalSection(SolutionConfigurationPlatforms) = preSolution
		Debug|Any CPU = Debug|Any CPU
		Release|Any CPU = Release|Any CPU
	EndGlobalSection
	GlobalSection(ProjectConfigurationPlatforms) = postSolution
		{193D9BEC-97B2-4CE0-A339-A4939CC8195A}.Debug|Any CPU.ActiveCfg = Debug|Any CPU
		{193D9BEC-97B2-4CE0-A339-A4939CC8195A}.Debug|Any CPU.Build.0 = Debug|Any CPU
		{193D9BEC-97B2-4CE0-A339-A4939CC8195A}.Release|Any CPU.ActiveCfg = Release|Any CPU
		{193D9BEC-97B2-4CE0-A339-A4939CC8195A}.Release|Any CPU.Build.0 = Release|Any CPU
		{B1F973D6-D18B-46E8-8220-34283C2561F1}.Debug|Any CPU.ActiveCfg = Debug|Any CPU
		{B1F973D6-D18B-46E8-8220-34283C2561F1}.Debug|Any CPU.Build.0 = Debug|Any CPU
		{B1F973D6-D18B-46E8-8220-34283C2561F1}.Release|Any CPU.ActiveCfg = Release|Any CPU
		{B1F973D6-D18B-46E8-8220-34283C2561F1}.Release|Any CPU.Build.0 = Release|Any CPU
	EndGlobalSection
	GlobalSection(SolutionProperties) = preSolution
		HideSolutionNode = FALSE
	EndGlobalSection
	GlobalSection(ExtensibilityGlobals) = postSolution
		SolutionGuid = {A266FFBF-4566-4758-9290-DB384901AA0C}
	EndGlobalSection
EndGlobal
